
Microsoft Visual Studio Solution File, Format Version 12.00
# Visual Studio Version 17
VisualStudioVersion = 17.6.33723.286
MinimumVisualStudioVersion = 10.0.40219.1
Project("{FAE04EC0-301F-11D3-BF4B-00C04F79EFBC}") = "TasleemDelivery", "Tasleem\TasleemDelivery.csproj", "{B56FD2D8-94AA-47B1-BD53-EF0432108D70}"
EndProject
Project("{FAE04EC0-301F-11D3-BF4B-00C04F79EFBC}") = "TasleemDelivery.Models", "TasleemDelivery.Models\TasleemDelivery.Models.csproj", "{FF017918-5E04-435B-B333-01E75B504A5F}"
EndProject
Project("{FAE04EC0-301F-11D3-BF4B-00C04F79EFBC}") = "TasleemDelivery.Data", "TasleemDelivery.Data\TasleemDelivery.Data.csproj", "{EF75616B-2537-4864-9375-589C0801D232}"
EndProject
Project("{FAE04EC0-301F-11D3-BF4B-00C04F79EFBC}") = "TasleemDelivery.Repository", "TasleemDelivery.Repository\TasleemDelivery.Repository.csproj", "{022B52A6-A90D-4927-BB9F-D29C9D177BEB}"
EndProject
Global
	GlobalSection(SolutionConfigurationPlatforms) = preSolution
		Debug|Any CPU = Debug|Any CPU
		Release|Any CPU = Release|Any CPU
	EndGlobalSection
	GlobalSection(ProjectConfigurationPlatforms) = postSolution
		{B56FD2D8-94AA-47B1-BD53-EF0432108D70}.Debug|Any CPU.ActiveCfg = Debug|Any CPU
		{B56FD2D8-94AA-47B1-BD53-EF0432108D70}.Debug|Any CPU.Build.0 = Debug|Any CPU
		{B56FD2D8-94AA-47B1-BD53-EF0432108D70}.Release|Any CPU.ActiveCfg = Release|Any CPU
		{B56FD2D8-94AA-47B1-BD53-EF0432108D70}.Release|Any CPU.Build.0 = Release|Any CPU
		{FF017918-5E04-435B-B333-01E75B504A5F}.Debug|Any CPU.ActiveCfg = Debug|Any CPU
		{FF017918-5E04-435B-B333-01E75B504A5F}.Debug|Any CPU.Build.0 = Debug|Any CPU
		{FF017918-5E04-435B-B333-01E75B504A5F}.Release|Any CPU.ActiveCfg = Release|Any CPU
		{FF017918-5E04-435B-B333-01E75B504A5F}.Release|Any CPU.Build.0 = Release|Any CPU
		{EF75616B-2537-4864-9375-589C0801D232}.Debug|Any CPU.ActiveCfg = Debug|Any CPU
		{EF75616B-2537-4864-9375-589C0801D232}.Debug|Any CPU.Build.0 = Debug|Any CPU
		{EF75616B-2537-4864-9375-589C0801D232}.Release|Any CPU.ActiveCfg = Release|Any CPU
		{EF75616B-2537-4864-9375-589C0801D232}.Release|Any CPU.Build.0 = Release|Any CPU
		{022B52A6-A90D-4927-BB9F-D29C9D177BEB}.Debug|Any CPU.ActiveCfg = Debug|Any CPU
		{022B52A6-A90D-4927-BB9F-D29C9D177BEB}.Debug|Any CPU.Build.0 = Debug|Any CPU
		{022B52A6-A90D-4927-BB9F-D29C9D177BEB}.Release|Any CPU.ActiveCfg = Release|Any CPU
		{022B52A6-A90D-4927-BB9F-D29C9D177BEB}.Release|Any CPU.Build.0 = Release|Any CPU
	EndGlobalSection
	GlobalSection(SolutionProperties) = preSolution
		HideSolutionNode = FALSE
	EndGlobalSection
	GlobalSection(ExtensibilityGlobals) = postSolution
		SolutionGuid = {37E1EC63-8405-4DDF-AD2D-B80BF1F01352}
	EndGlobalSection
EndGlobal
